
Microsoft Visual Studio Solution File, Format Version 12.00
# Visual Studio Version 17
VisualStudioVersion = 17.1.32210.238
MinimumVisualStudioVersion = 10.0.40219.1
Project("{FAE04EC0-301F-11D3-BF4B-00C04F79EFBC}") = "DiscountApp.Api", "DiscountApp\DiscountApp.Api.csproj", "{B449CAF4-8E45-4E2E-AD8C-56707871F99D}"
EndProject
Project("{FAE04EC0-301F-11D3-BF4B-00C04F79EFBC}") = "DiscountApp.Test", "DiscountApp.Test\DiscountApp.Test.csproj", "{D90198A4-E02E-4A13-92ED-89C126B9DDBF}"
EndProject
Global
	GlobalSection(SolutionConfigurationPlatforms) = preSolution
		Debug|Any CPU = Debug|Any CPU
		Release|Any CPU = Release|Any CPU
	EndGlobalSection
	GlobalSection(ProjectConfigurationPlatforms) = postSolution
		{B449CAF4-8E45-4E2E-AD8C-56707871F99D}.Debug|Any CPU.ActiveCfg = Debug|Any CPU
		{B449CAF4-8E45-4E2E-AD8C-56707871F99D}.Debug|Any CPU.Build.0 = Debug|Any CPU
		{B449CAF4-8E45-4E2E-AD8C-56707871F99D}.Release|Any CPU.ActiveCfg = Release|Any CPU
		{B449CAF4-8E45-4E2E-AD8C-56707871F99D}.Release|Any CPU.Build.0 = Release|Any CPU
		{D90198A4-E02E-4A13-92ED-89C126B9DDBF}.Debug|Any CPU.ActiveCfg = Debug|Any CPU
		{D90198A4-E02E-4A13-92ED-89C126B9DDBF}.Debug|Any CPU.Build.0 = Debug|Any CPU
		{D90198A4-E02E-4A13-92ED-89C126B9DDBF}.Release|Any CPU.ActiveCfg = Release|Any CPU
		{D90198A4-E02E-4A13-92ED-89C126B9DDBF}.Release|Any CPU.Build.0 = Release|Any CPU
	EndGlobalSection
	GlobalSection(SolutionProperties) = preSolution
		HideSolutionNode = FALSE
	EndGlobalSection
	GlobalSection(ExtensibilityGlobals) = postSolution
		SolutionGuid = {8FF3821F-C0DC-4184-AFB6-FBFC2EC7D7C3}
	EndGlobalSection
EndGlobal
